
Microsoft Visual Studio Solution File, Format Version 12.00
# Visual Studio Version 17
VisualStudioVersion = 17.3.32819.101
MinimumVisualStudioVersion = 10.0.40219.1
Project("{9A19103F-16F7-4668-BE54-9A1E7A4F7556}") = "ConnectDB", "ConnectDB\ConnectDB.csproj", "{03817C08-FAF9-4B7D-BDC8-554BDDD9E172}"
EndProject
Project("{FAE04EC0-301F-11D3-BF4B-00C04F79EFBC}") = "SimpleATM", "SimpleATM\SimpleATM.csproj", "{60943765-1D3C-4707-80F0-402DC00D623F}"
EndProject
Global
	GlobalSection(SolutionConfigurationPlatforms) = preSolution
		Debug|Any CPU = Debug|Any CPU
		Release|Any CPU = Release|Any CPU
	EndGlobalSection
	GlobalSection(ProjectConfigurationPlatforms) = postSolution
		{03817C08-FAF9-4B7D-BDC8-554BDDD9E172}.Debug|Any CPU.ActiveCfg = Debug|Any CPU
		{03817C08-FAF9-4B7D-BDC8-554BDDD9E172}.Debug|Any CPU.Build.0 = Debug|Any CPU
		{03817C08-FAF9-4B7D-BDC8-554BDDD9E172}.Release|Any CPU.ActiveCfg = Release|Any CPU
		{03817C08-FAF9-4B7D-BDC8-554BDDD9E172}.Release|Any CPU.Build.0 = Release|Any CPU
		{60943765-1D3C-4707-80F0-402DC00D623F}.Debug|Any CPU.ActiveCfg = Debug|Any CPU
		{60943765-1D3C-4707-80F0-402DC00D623F}.Debug|Any CPU.Build.0 = Debug|Any CPU
		{60943765-1D3C-4707-80F0-402DC00D623F}.Release|Any CPU.ActiveCfg = Release|Any CPU
		{60943765-1D3C-4707-80F0-402DC00D623F}.Release|Any CPU.Build.0 = Release|Any CPU
	EndGlobalSection
	GlobalSection(SolutionProperties) = preSolution
		HideSolutionNode = FALSE
	EndGlobalSection
	GlobalSection(ExtensibilityGlobals) = postSolution
		SolutionGuid = {1F933215-CC7A-499F-A239-47E0ACE2E779}
	EndGlobalSection
EndGlobal
